
Microsoft Visual Studio Solution File, Format Version 12.00
# Visual Studio Version 17
VisualStudioVersion = 17.0.32112.339
MinimumVisualStudioVersion = 10.0.40219.1
Project("{8BC9CEB8-8B4A-11D0-8D11-00A0C91BC942}") = "ch1", "ch1\ch1.vcxproj", "{317CDD46-777B-4869-BA00-557FC73FF070}"
EndProject
Global
	GlobalSection(SolutionConfigurationPlatforms) = preSolution
		Debug|x64 = Debug|x64
		Debug|x86 = Debug|x86
		Release|x64 = Release|x64
		Release|x86 = Release|x86
	EndGlobalSection
	GlobalSection(ProjectConfigurationPlatforms) = postSolution
		{317CDD46-777B-4869-BA00-557FC73FF070}.Debug|x64.ActiveCfg = Debug|x64
		{317CDD46-777B-4869-BA00-557FC73FF070}.Debug|x64.Build.0 = Debug|x64
		{317CDD46-777B-4869-BA00-557FC73FF070}.Debug|x86.ActiveCfg = Debug|Win32
		{317CDD46-777B-4869-BA00-557FC73FF070}.Debug|x86.Build.0 = Debug|Win32
		{317CDD46-777B-4869-BA00-557FC73FF070}.Release|x64.ActiveCfg = Release|x64
		{317CDD46-777B-4869-BA00-557FC73FF070}.Release|x64.Build.0 = Release|x64
		{317CDD46-777B-4869-BA00-557FC73FF070}.Release|x86.ActiveCfg = Release|Win32
		{317CDD46-777B-4869-BA00-557FC73FF070}.Release|x86.Build.0 = Release|Win32
	EndGlobalSection
	GlobalSection(SolutionProperties) = preSolution
		HideSolutionNode = FALSE
	EndGlobalSection
	GlobalSection(ExtensibilityGlobals) = postSolution
		SolutionGuid = {DDE492F4-23AB-456C-B16F-D7402616684A}
	EndGlobalSection
EndGlobal
